// !$*UTF8*$!
{
	archiveVersion = 1;
	classes = {
	};
	objectVersion = 46;
	objects = {

/* Begin PBXBuildFile section */
		3C8615001E41970A0050AFB9 /* AppDelegate.swift in Sources */ = {isa = PBXBuildFile; fileRef = 3C8614FF1E41970A0050AFB9 /* AppDelegate.swift */; };
		3C8615021E41970A0050AFB9 /* ViewController.swift in Sources */ = {isa = PBXBuildFile; fileRef = 3C8615011E41970A0050AFB9 /* ViewController.swift */; };
		3C8615051E41970A0050AFB9 /* Main.storyboard in Resources */ = {isa = PBXBuildFile; fileRef = 3C8615031E41970A0050AFB9 /* Main.storyboard */; };
		3C8615071E41970A0050AFB9 /* Assets.xcassets in Resources */ = {isa = PBXBuildFile; fileRef = 3C8615061E41970A0050AFB9 /* Assets.xcassets */; };
		3C86150A1E41970A0050AFB9 /* LaunchScreen.storyboard in Resources */ = {isa = PBXBuildFile; fileRef = 3C8615081E41970A0050AFB9 /* LaunchScreen.storyboard */; };
/* End PBXBuildFile section */

/* Begin PBXFileReference section */
		3C8614FC1E41970A0050AFB9 /* Happy_Days.app */ = {isa = PBXFileReference; explicitFileType = wrapper.application; includeInIndex = 0; path = Happy_Days.app; sourceTree = BUILT_PRODUCTS_DIR; };
		3C8614FF1E41970A0050AFB9 /* AppDelegate.swift */ = {isa = PBXFileReference; lastKnownFileType = sourcecode.swift; path = AppDelegate.swift; sourceTree = "<group>"; };
		3C8615011E41970A0050AFB9 /* ViewController.swift */ = {isa = PBXFileReference; lastKnownFileType = sourcecode.swift; path = ViewController.swift; sourceTree = "<group>"; };
		3C8615041E41970A0050AFB9 /* Base */ = {isa = PBXFileReference; lastKnownFileType = file.storyboard; name = Base; path = Base.lproj/Main.storyboard; sourceTree = "<group>"; };
		3C8615061E41970A0050AFB9 /* Assets.xcassets */ = {isa = PBXFileReference; lastKnownFileType = folder.assetcatalog; path = Assets.xcassets; sourceTree = "<group>"; };
		3C8615091E41970A0050AFB9 /* Base */ = {isa = PBXFileReference; lastKnownFileType = file.storyboard; name = Base; path = Base.lproj/LaunchScreen.storyboard; sourceTree = "<group>"; };
		3C86150B1E41970A0050AFB9 /* Info.plist */ = {isa = PBXFileReference; lastKnownFileType = text.plist.xml; path = Info.plist; sourceTree = "<group>"; };
/* End PBXFileReference section */

/* Begin PBXFrameworksBuildPhase section */
		3C8614F91E41970A0050AFB9 /* Frameworks */ = {
			isa = PBXFrameworksBuildPhase;
			buildActionMask = 2147483647;
			files = (
			);
			runOnlyForDeploymentPostprocessing = 0;
		};
/* End PBXFrameworksBuildPhase section */

/* Begin PBXGroup section */
		3C8614F31E41970A0050AFB9 = {
			isa = PBXGroup;
			children = (
				3C8614FE1E41970A0050AFB9 /* Happy_Days */,
				3C8614FD1E41970A0050AFB9 /* Products */,
			);
			sourceTree = "<group>";
		};
		3C8614FD1E41970A0050AFB9 /* Products */ = {
			isa = PBXGroup;
			children = (
				3C8614FC1E41970A0050AFB9 /* Happy_Days.app */,
			);
			name = Products;
			sourceTree = "<group>";
		};
		3C8614FE1E41970A0050AFB9 /* Happy_Days */ = {
			isa = PBXGroup;
			children = (
				3C8614FF1E41970A0050AFB9 /* AppDelegate.swift */,
				3C8615011E41970A0050AFB9 /* ViewController.swift */,
				3C8615031E41970A0050AFB9 /* Main.storyboard */,
				3C8615061E41970A0050AFB9 /* Assets.xcassets */,
				3C8615081E41970A0050AFB9 /* LaunchScreen.storyboard */,
				3C86150B1E41970A0050AFB9 /* Info.plist */,
			);
			path = Happy_Days;
			sourceTree = "<group>";
		};
/* End PBXGroup section */

/* Begin PBXNativeTarget section */
		3C8614FB1E41970A0050AFB9 /* Happy_Days */ = {
			isa = PBXNativeTarget;
			buildConfigurationList = 3C86150E1E41970A0050AFB9 /* Build configuration list for PBXNativeTarget "Happy_Days" */;
			buildPhases = (
				3C8614F81E41970A0050AFB9 /* Sources */,
				3C8614F91E41970A0050AFB9 /* Frameworks */,
				3C8614FA1E41970A0050AFB9 /* Resources */,
			);
			buildRules = (
			);
			dependencies = (
			);
			name = Happy_Days;
			productName = Happy_Days;
			productReference = 3C8614FC1E41970A0050AFB9 /* Happy_Days.app */;
			productType = "com.apple.product-type.application";
		};
/* End PBXNativeTarget section */

/* Begin PBXProject section */
		3C8614F41E41970A0050AFB9 /* Project object */ = {
			isa = PBXProject;
			attributes = {
				LastSwiftUpdateCheck = 0820;
				LastUpgradeCheck = 0820;
				ORGANIZATIONNAME = "Daniel Wallace";
				TargetAttributes = {
					3C8614FB1E41970A0050AFB9 = {
						CreatedOnToolsVersion = 8.2.1;
						DevelopmentTeam = JP5YDXJS2P;
						ProvisioningStyle = Automatic;
					};
				};
			};
			buildConfigurationList = 3C8614F71E41970A0050AFB9 /* Build configuration list for PBXProject "Happy_Days" */;
			compatibilityVersion = "Xcode 3.2";
			developmentRegion = English;
			hasScannedForEncodings = 0;
			knownRegions = (
				en,
				Base,
			);
			mainGroup = 3C8614F31E41970A0050AFB9;
			productRefGroup = 3C8614FD1E41970A0050AFB9 /* Products */;
			projectDirPath = "";
			projectRoot = "";
			targets = (
				3C8614FB1E41970A0050AFB9 /* Happy_Days */,
			);
		};
/* End PBXProject section */

/* Begin PBXResourcesBuildPhase section */
		3C8614FA1E41970A0050AFB9 /* Resources */ = {
			isa = PBXResourcesBuildPhase;
			buildActionMask = 2147483647;
			files = (
				3C86150A1E41970A0050AFB9 /* LaunchScreen.storyboard in Resources */,
				3C8615071E41970A0050AFB9 /* Assets.xcassets in Resources */,
				3C8615051E41970A0050AFB9 /* Main.storyboard in Resources */,
			);
			runOnlyForDeploymentPostprocessing = 0;
		};
/* End PBXResourcesBuildPhase section */

/* Begin PBXSourcesBuildPhase section */
		3C8614F81E41970A0050AFB9 /* Sources */ = {
			isa = PBXSourcesBuildPhase;
			buildActionMask = 2147483647;
			files = (
				3C8615021E41970A0050AFB9 /* ViewController.swift in Sources */,
				3C8615001E41970A0050AFB9 /* AppDelegate.swift in Sources */,
			);
			runOnlyForDeploymentPostprocessing = 0;
		};
/* End PBXSourcesBuildPhase section */

/* Begin PBXVariantGroup section */
		3C8615031E41970A0050AFB9 /* Main.storyboard */ = {
			isa = PBXVariantGroup;
			children = (
				3C8615041E41970A0050AFB9 /* Base */,
			);
			name = Main.storyboard;
			sourceTree = "<group>";
		};
		3C8615081E41970A0050AFB9 /* LaunchScreen.storyboard */ = {
			isa = PBXVariantGroup;
			children = (
				3C8615091E41970A0050AFB9 /* Base */,
			);
			name = LaunchScreen.storyboard;
			sourceTree = "<group>";
		};
/* End PBXVariantGroup section */

/* Begin XCBuildConfiguration section */
		3C86150C1E41970A0050AFB9 /* Debug */ = {
			isa = XCBuildConfiguration;
			buildSettings = {
				ALWAYS_SEARCH_USER_PATHS = NO;
				CLANG_ANALYZER_NONNULL = YES;
				CLANG_CXX_LANGUAGE_STANDARD = "gnu++0x";
				CLANG_CXX_LIBRARY = "libc++";
				CLANG_ENABLE_MODULES = YES;
				CLANG_ENABLE_OBJC_ARC = YES;
				CLANG_WARN_BOOL_CONVERSION = YES;
				CLANG_WARN_CONSTANT_CONVERSION = YES;
				CLANG_WARN_DIRECT_OBJC_ISA_USAGE = YES_ERROR;
				CLANG_WARN_DOCUMENTATION_COMMENTS = YES;
				CLANG_WARN_EMPTY_BODY = YES;
				CLANG_WARN_ENUM_CONVERSION = YES;
				CLANG_WARN_INFINITE_RECURSION = YES;
				CLANG_WARN_INT_CONVERSION = YES;
				CLANG_WARN_OBJC_ROOT_CLASS = YES_ERROR;
				CLANG_WARN_SUSPICIOUS_MOVE = YES;
				CLANG_WARN_UNREACHABLE_CODE = YES;
				CLANG_WARN__DUPLICATE_METHOD_MATCH = YES;
				"CODE_SIGN_IDENTITY[sdk=iphoneos*]" = "iPhone Developer";
				COPY_PHASE_STRIP = NO;
				DEBUG_INFORMATION_FORMAT = dwarf;
				ENABLE_STRICT_OBJC_MSGSEND = YES;
				ENABLE_TESTABILITY = YES;
				GCC_C_LANGUAGE_STANDARD = gnu99;
				GCC_DYNAMIC_NO_PIC = NO;
				GCC_NO_COMMON_BLOCKS = YES;
				GCC_OPTIMIZATION_LEVEL = 0;
				GCC_PREPROCESSOR_DEFINITIONS = (
					"DEBUG=1",
					"$(inherited)",
				);
				GCC_WARN_64_TO_32_BIT_CONVERSION = YES;
				GCC_WARN_ABOUT_RETURN_TYPE = YES_ERROR;
				GCC_WARN_UNDECLARED_SELECTOR = YES;
				GCC_WARN_UNINITIALIZED_AUTOS = YES_AGGRESSIVE;
				GCC_WARN_UNUSED_FUNCTION = YES;
				GCC_WARN_UNUSED_VARIABLE = YES;
				IPHONEOS_DEPLOYMENT_TARGET = 10.2;
				MTL_ENABLE_DEBUG_INFO = YES;
				ONLY_ACTIVE_ARCH = YES;
				SDKROOT = iphoneos;
				SWIFT_ACTIVE_COMPILATION_CONDITIONS = DEBUG;
				SWIFT_OPTIMIZATION_LEVEL = "-Onone";
				TARGETED_DEVICE_FAMILY = "1,2";
			};
			name = Debug;
		};
		3C86150D1E41970A0050AFB9 /* Release */ = {
			isa = XCBuildConfiguration;
			buildSettings = {
				ALWAYS_SEARCH_USER_PATHS = NO;
				CLANG_ANALYZER_NONNULL = YES;
				CLANG_CXX_LANGUAGE_STANDARD = "gnu++0x";
				CLANG_CXX_LIBRARY = "libc++";
				CLANG_ENABLE_MODULES = YES;
				CLANG_ENABLE_OBJC_ARC = YES;
				CLANG_WARN_BOOL_CONVERSION = YES;
				CLANG_WARN_CONSTANT_CONVERSION = YES;
				CLANG_WARN_DIRECT_OBJC_ISA_USAGE = YES_ERROR;
				CLANG_WARN_DOCUMENTATION_COMMENTS = YES;
				CLANG_WARN_EMPTY_BODY = YES;
				CLANG_WARN_ENUM_CONVERSION = YES;
				CLANG_WARN_INFINITE_RECURSION = YES;
				CLANG_WARN_INT_CONVERSION = YES;
				CLANG_WARN_OBJC_ROOT_CLASS = YES_ERROR;
				CLANG_WARN_SUSPICIOUS_MOVE = YES;
				CLANG_WARN_UNREACHABLE_CODE = YES;
				CLANG_WARN__DUPLICATE_METHOD_MATCH = YES;
				"CODE_SIGN_IDENTITY[sdk=iphoneos*]" = "iPhone Developer";
				COPY_PHASE_STRIP = NO;
				DEBUG_INFORMATION_FORMAT = "dwarf-with-dsym";
				ENABLE_NS_ASSERTIONS = NO;
				ENABLE_STRICT_OBJC_MSGSEND = YES;
				GCC_C_LANGUAGE_STANDARD = gnu99;
				GCC_NO_COMMON_BLOCKS = YES;
				GCC_WARN_64_TO_32_BIT_CONVERSION = YES;
				GCC_WARN_ABOUT_RETURN_TYPE = YES_ERROR;
				GCC_WARN_UNDECLARED_SELECTOR = YES;
				GCC_WARN_UNINITIALIZED_AUTOS = YES_AGGRESSIVE;
				GCC_WARN_UNUSED_FUNCTION = YES;
				GCC_WARN_UNUSED_VARIABLE = YES;
				IPHONEOS_DEPLOYMENT_TARGET = 10.2;
				MTL_ENABLE_DEBUG_INFO = NO;
				SDKROOT = iphoneos;
				SWIFT_OPTIMIZATION_LEVEL = "-Owholemodule";
				TARGETED_DEVICE_FAMILY = "1,2";
				VALIDATE_PRODUCT = YES;
			};
			name = Release;
		};
		3C86150F1E41970A0050AFB9 /* Debug */ = {
			isa = XCBuildConfiguration;
			buildSettings = {
				ASSETCATALOG_COMPILER_APPICON_NAME = AppIcon;
				DEVELOPMENT_TEAM = JP5YDXJS2P;
				INFOPLIST_FILE = Happy_Days/Info.plist;
				LD_RUNPATH_SEARCH_PATHS = "$(inherited) @executable_path/Frameworks";
				PRODUCT_BUNDLE_IDENTIFIER = "nz.co.danwallace.Happy-Days";
				PRODUCT_NAME = "$(TARGET_NAME)";
				SWIFT_VERSION = 3.0;
			};
			name = Debug;
		};
		3C8615101E41970A0050AFB9 /* Release */ = {
			isa = XCBuildConfiguration;
			buildSettings = {
				ASSETCATALOG_COMPILER_APPICON_NAME = AppIcon;
				DEVELOPMENT_TEAM = JP5YDXJS2P;
				INFOPLIST_FILE = Happy_Days/Info.plist;
				LD_RUNPATH_SEARCH_PATHS = "$(inherited) @executable_path/Frameworks";
				PRODUCT_BUNDLE_IDENTIFIER = "nz.co.danwallace.Happy-Days";
				PRODUCT_NAME = "$(TARGET_NAME)";
				SWIFT_VERSION = 3.0;
			};
			name = Release;
		};
/* End XCBuildConfiguration section */

/* Begin XCConfigurationList section */
		3C8614F71E41970A0050AFB9 /* Build configuration list for PBXProject "Happy_Days" */ = {
			isa = XCConfigurationList;
			buildConfigurations = (
				3C86150C1E41970A0050AFB9 /* Debug */,
				3C86150D1E41970A0050AFB9 /* Release */,
			);
			defaultConfigurationIsVisible = 0;
			defaultConfigurationName = Release;
		};
		3C86150E1E41970A0050AFB9 /* Build configuration list for PBXNativeTarget "Happy_Days" */ = {
			isa = XCConfigurationList;
			buildConfigurations = (
				3C86150F1E41970A0050AFB9 /* Debug */,
				3C8615101E41970A0050AFB9 /* Release */,
			);
			defaultConfigurationIsVisible = 0;
		};
/* End XCConfigurationList section */
	};
	rootObject = 3C8614F41E41970A0050AFB9 /* Project object */;
}
